// !$*UTF8*$!
{
	archiveVersion = 1;
	classes = {
	};
	objectVersion = 50;
	objects = {

/* Begin PBXBuildFile section */
		000EF07E25EA23F500A19D4A /* AppDelegate.swift in Sources */ = {isa = PBXBuildFile; fileRef = 000EF07D25EA23F500A19D4A /* AppDelegate.swift */; };
		000EF08025EA23F500A19D4A /* SceneDelegate.swift in Sources */ = {isa = PBXBuildFile; fileRef = 000EF07F25EA23F500A19D4A /* SceneDelegate.swift */; };
		000EF08225EA23F500A19D4A /* ViewController.swift in Sources */ = {isa = PBXBuildFile; fileRef = 000EF08125EA23F500A19D4A /* ViewController.swift */; };
		000EF08525EA23F500A19D4A /* Main.storyboard in Resources */ = {isa = PBXBuildFile; fileRef = 000EF08325EA23F500A19D4A /* Main.storyboard */; };
		000EF08825EA23F500A19D4A /* Google_Map.xcdatamodeld in Sources */ = {isa = PBXBuildFile; fileRef = 000EF08625EA23F500A19D4A /* Google_Map.xcdatamodeld */; };
		000EF08A25EA23F700A19D4A /* Assets.xcassets in Resources */ = {isa = PBXBuildFile; fileRef = 000EF08925EA23F700A19D4A /* Assets.xcassets */; };
		000EF08D25EA23F700A19D4A /* LaunchScreen.storyboard in Resources */ = {isa = PBXBuildFile; fileRef = 000EF08B25EA23F700A19D4A /* LaunchScreen.storyboard */; };
/* End PBXBuildFile section */

/* Begin PBXFileReference section */
		000EF07A25EA23F500A19D4A /* Google-Map.app */ = {isa = PBXFileReference; explicitFileType = wrapper.application; includeInIndex = 0; path = "Google-Map.app"; sourceTree = BUILT_PRODUCTS_DIR; };
		000EF07D25EA23F500A19D4A /* AppDelegate.swift */ = {isa = PBXFileReference; lastKnownFileType = sourcecode.swift; path = AppDelegate.swift; sourceTree = "<group>"; };
		000EF07F25EA23F500A19D4A /* SceneDelegate.swift */ = {isa = PBXFileReference; lastKnownFileType = sourcecode.swift; path = SceneDelegate.swift; sourceTree = "<group>"; };
		000EF08125EA23F500A19D4A /* ViewController.swift */ = {isa = PBXFileReference; lastKnownFileType = sourcecode.swift; path = ViewController.swift; sourceTree = "<group>"; };
		000EF08425EA23F500A19D4A /* Base */ = {isa = PBXFileReference; lastKnownFileType = file.storyboard; name = Base; path = Base.lproj/Main.storyboard; sourceTree = "<group>"; };
		000EF08725EA23F500A19D4A /* Google_Map.xcdatamodel */ = {isa = PBXFileReference; lastKnownFileType = wrapper.xcdatamodel; path = Google_Map.xcdatamodel; sourceTree = "<group>"; };
		000EF08925EA23F700A19D4A /* Assets.xcassets */ = {isa = PBXFileReference; lastKnownFileType = folder.assetcatalog; path = Assets.xcassets; sourceTree = "<group>"; };
		000EF08C25EA23F700A19D4A /* Base */ = {isa = PBXFileReference; lastKnownFileType = file.storyboard; name = Base; path = Base.lproj/LaunchScreen.storyboard; sourceTree = "<group>"; };
		000EF08E25EA23F700A19D4A /* Info.plist */ = {isa = PBXFileReference; lastKnownFileType = text.plist.xml; path = Info.plist; sourceTree = "<group>"; };
/* End PBXFileReference section */

/* Begin PBXFrameworksBuildPhase section */
		000EF07725EA23F500A19D4A /* Frameworks */ = {
			isa = PBXFrameworksBuildPhase;
			buildActionMask = 2147483647;
			files = (
			);
			runOnlyForDeploymentPostprocessing = 0;
		};
/* End PBXFrameworksBuildPhase section */

/* Begin PBXGroup section */
		000EF07125EA23F500A19D4A = {
			isa = PBXGroup;
			children = (
				000EF07C25EA23F500A19D4A /* Google-Map */,
				000EF07B25EA23F500A19D4A /* Products */,
			);
			sourceTree = "<group>";
		};
		000EF07B25EA23F500A19D4A /* Products */ = {
			isa = PBXGroup;
			children = (
				000EF07A25EA23F500A19D4A /* Google-Map.app */,
			);
			name = Products;
			sourceTree = "<group>";
		};
		000EF07C25EA23F500A19D4A /* Google-Map */ = {
			isa = PBXGroup;
			children = (
				000EF07D25EA23F500A19D4A /* AppDelegate.swift */,
				000EF07F25EA23F500A19D4A /* SceneDelegate.swift */,
				000EF08125EA23F500A19D4A /* ViewController.swift */,
				000EF08325EA23F500A19D4A /* Main.storyboard */,
				000EF08925EA23F700A19D4A /* Assets.xcassets */,
				000EF08B25EA23F700A19D4A /* LaunchScreen.storyboard */,
				000EF08E25EA23F700A19D4A /* Info.plist */,
				000EF08625EA23F500A19D4A /* Google_Map.xcdatamodeld */,
			);
			path = "Google-Map";
			sourceTree = "<group>";
		};
/* End PBXGroup section */

/* Begin PBXNativeTarget section */
		000EF07925EA23F500A19D4A /* Google-Map */ = {
			isa = PBXNativeTarget;
			buildConfigurationList = 000EF09125EA23F700A19D4A /* Build configuration list for PBXNativeTarget "Google-Map" */;
			buildPhases = (
				000EF07625EA23F500A19D4A /* Sources */,
				000EF07725EA23F500A19D4A /* Frameworks */,
				000EF07825EA23F500A19D4A /* Resources */,
			);
			buildRules = (
			);
			dependencies = (
			);
			name = "Google-Map";
			productName = "Google-Map";
			productReference = 000EF07A25EA23F500A19D4A /* Google-Map.app */;
			productType = "com.apple.product-type.application";
		};
/* End PBXNativeTarget section */

/* Begin PBXProject section */
		000EF07225EA23F500A19D4A /* Project object */ = {
			isa = PBXProject;
			attributes = {
				LastSwiftUpdateCheck = 1200;
				LastUpgradeCheck = 1200;
				TargetAttributes = {
					000EF07925EA23F500A19D4A = {
						CreatedOnToolsVersion = 12.0.1;
					};
				};
			};
			buildConfigurationList = 000EF07525EA23F500A19D4A /* Build configuration list for PBXProject "Google-Map" */;
			compatibilityVersion = "Xcode 9.3";
			developmentRegion = en;
			hasScannedForEncodings = 0;
			knownRegions = (
				en,
				Base,
			);
			mainGroup = 000EF07125EA23F500A19D4A;
			productRefGroup = 000EF07B25EA23F500A19D4A /* Products */;
			projectDirPath = "";
			projectRoot = "";
			targets = (
				000EF07925EA23F500A19D4A /* Google-Map */,
			);
		};
/* End PBXProject section */

/* Begin PBXResourcesBuildPhase section */
		000EF07825EA23F500A19D4A /* Resources */ = {
			isa = PBXResourcesBuildPhase;
			buildActionMask = 2147483647;
			files = (
				000EF08D25EA23F700A19D4A /* LaunchScreen.storyboard in Resources */,
				000EF08A25EA23F700A19D4A /* Assets.xcassets in Resources */,
				000EF08525EA23F500A19D4A /* Main.storyboard in Resources */,
			);
			runOnlyForDeploymentPostprocessing = 0;
		};
/* End PBXResourcesBuildPhase section */

/* Begin PBXSourcesBuildPhase section */
		000EF07625EA23F500A19D4A /* Sources */ = {
			isa = PBXSourcesBuildPhase;
			buildActionMask = 2147483647;
			files = (
				000EF08225EA23F500A19D4A /* ViewController.swift in Sources */,
				000EF08825EA23F500A19D4A /* Google_Map.xcdatamodeld in Sources */,
				000EF07E25EA23F500A19D4A /* AppDelegate.swift in Sources */,
				000EF08025EA23F500A19D4A /* SceneDelegate.swift in Sources */,
			);
			runOnlyForDeploymentPostprocessing = 0;
		};
/* End PBXSourcesBuildPhase section */

/* Begin PBXVariantGroup section */
		000EF08325EA23F500A19D4A /* Main.storyboard */ = {
			isa = PBXVariantGroup;
			children = (
				000EF08425EA23F500A19D4A /* Base */,
			);
			name = Main.storyboard;
			sourceTree = "<group>";
		};
		000EF08B25EA23F700A19D4A /* LaunchScreen.storyboard */ = {
			isa = PBXVariantGroup;
			children = (
				000EF08C25EA23F700A19D4A /* Base */,
			);
			name = LaunchScreen.storyboard;
			sourceTree = "<group>";
		};
/* End PBXVariantGroup section */

/* Begin XCBuildConfiguration section */
		000EF08F25EA23F700A19D4A /* Debug */ = {
			isa = XCBuildConfiguration;
			buildSettings = {
				ALWAYS_SEARCH_USER_PATHS = NO;
				CLANG_ANALYZER_NONNULL = YES;
				CLANG_ANALYZER_NUMBER_OBJECT_CONVERSION = YES_AGGRESSIVE;
				CLANG_CXX_LANGUAGE_STANDARD = "gnu++14";
				CLANG_CXX_LIBRARY = "libc++";
				CLANG_ENABLE_MODULES = YES;
				CLANG_ENABLE_OBJC_ARC = YES;
				CLANG_ENABLE_OBJC_WEAK = YES;
				CLANG_WARN_BLOCK_CAPTURE_AUTORELEASING = YES;
				CLANG_WARN_BOOL_CONVERSION = YES;
				CLANG_WARN_COMMA = YES;
				CLANG_WARN_CONSTANT_CONVERSION = YES;
				CLANG_WARN_DEPRECATED_OBJC_IMPLEMENTATIONS = YES;
				CLANG_WARN_DIRECT_OBJC_ISA_USAGE = YES_ERROR;
				CLANG_WARN_DOCUMENTATION_COMMENTS = YES;
				CLANG_WARN_EMPTY_BODY = YES;
				CLANG_WARN_ENUM_CONVERSION = YES;
				CLANG_WARN_INFINITE_RECURSION = YES;
				CLANG_WARN_INT_CONVERSION = YES;
				CLANG_WARN_NON_LITERAL_NULL_CONVERSION = YES;
				CLANG_WARN_OBJC_IMPLICIT_RETAIN_SELF = YES;
				CLANG_WARN_OBJC_LITERAL_CONVERSION = YES;
				CLANG_WARN_OBJC_ROOT_CLASS = YES_ERROR;
				CLANG_WARN_QUOTED_INCLUDE_IN_FRAMEWORK_HEADER = YES;
				CLANG_WARN_RANGE_LOOP_ANALYSIS = YES;
				CLANG_WARN_STRICT_PROTOTYPES = YES;
				CLANG_WARN_SUSPICIOUS_MOVE = YES;
				CLANG_WARN_UNGUARDED_AVAILABILITY = YES_AGGRESSIVE;
				CLANG_WARN_UNREACHABLE_CODE = YES;
				CLANG_WARN__DUPLICATE_METHOD_MATCH = YES;
				COPY_PHASE_STRIP = NO;
				DEBUG_INFORMATION_FORMAT = dwarf;
				ENABLE_STRICT_OBJC_MSGSEND = YES;
				ENABLE_TESTABILITY = YES;
				GCC_C_LANGUAGE_STANDARD = gnu11;
				GCC_DYNAMIC_NO_PIC = NO;
				GCC_NO_COMMON_BLOCKS = YES;
				GCC_OPTIMIZATION_LEVEL = 0;
				GCC_PREPROCESSOR_DEFINITIONS = (
					"DEBUG=1",
					"$(inherited)",
				);
				GCC_WARN_64_TO_32_BIT_CONVERSION = YES;
				GCC_WARN_ABOUT_RETURN_TYPE = YES_ERROR;
				GCC_WARN_UNDECLARED_SELECTOR = YES;
				GCC_WARN_UNINITIALIZED_AUTOS = YES_AGGRESSIVE;
				GCC_WARN_UNUSED_FUNCTION = YES;
				GCC_WARN_UNUSED_VARIABLE = YES;
				IPHONEOS_DEPLOYMENT_TARGET = 14.0;
				MTL_ENABLE_DEBUG_INFO = INCLUDE_SOURCE;
				MTL_FAST_MATH = YES;
				ONLY_ACTIVE_ARCH = YES;
				SDKROOT = iphoneos;
				SWIFT_ACTIVE_COMPILATION_CONDITIONS = DEBUG;
				SWIFT_OPTIMIZATION_LEVEL = "-Onone";
			};
			name = Debug;
		};
		000EF09025EA23F700A19D4A /* Release */ = {
			isa = XCBuildConfiguration;
			buildSettings = {
				ALWAYS_SEARCH_USER_PATHS = NO;
				CLANG_ANALYZER_NONNULL = YES;
				CLANG_ANALYZER_NUMBER_OBJECT_CONVERSION = YES_AGGRESSIVE;
				CLANG_CXX_LANGUAGE_STANDARD = "gnu++14";
				CLANG_CXX_LIBRARY = "libc++";
				CLANG_ENABLE_MODULES = YES;
				CLANG_ENABLE_OBJC_ARC = YES;
				CLANG_ENABLE_OBJC_WEAK = YES;
				CLANG_WARN_BLOCK_CAPTURE_AUTORELEASING = YES;
				CLANG_WARN_BOOL_CONVERSION = YES;
				CLANG_WARN_COMMA = YES;
				CLANG_WARN_CONSTANT_CONVERSION = YES;
				CLANG_WARN_DEPRECATED_OBJC_IMPLEMENTATIONS = YES;
				CLANG_WARN_DIRECT_OBJC_ISA_USAGE = YES_ERROR;
				CLANG_WARN_DOCUMENTATION_COMMENTS = YES;
				CLANG_WARN_EMPTY_BODY = YES;
				CLANG_WARN_ENUM_CONVERSION = YES;
				CLANG_WARN_INFINITE_RECURSION = YES;
				CLANG_WARN_INT_CONVERSION = YES;
				CLANG_WARN_NON_LITERAL_NULL_CONVERSION = YES;
				CLANG_WARN_OBJC_IMPLICIT_RETAIN_SELF = YES;
				CLANG_WARN_OBJC_LITERAL_CONVERSION = YES;
				CLANG_WARN_OBJC_ROOT_CLASS = YES_ERROR;
				CLANG_WARN_QUOTED_INCLUDE_IN_FRAMEWORK_HEADER = YES;
				CLANG_WARN_RANGE_LOOP_ANALYSIS = YES;
				CLANG_WARN_STRICT_PROTOTYPES = YES;
				CLANG_WARN_SUSPICIOUS_MOVE = YES;
				CLANG_WARN_UNGUARDED_AVAILABILITY = YES_AGGRESSIVE;
				CLANG_WARN_UNREACHABLE_CODE = YES;
				CLANG_WARN__DUPLICATE_METHOD_MATCH = YES;
				COPY_PHASE_STRIP = NO;
				DEBUG_INFORMATION_FORMAT = "dwarf-with-dsym";
				ENABLE_NS_ASSERTIONS = NO;
				ENABLE_STRICT_OBJC_MSGSEND = YES;
				GCC_C_LANGUAGE_STANDARD = gnu11;
				GCC_NO_COMMON_BLOCKS = YES;
				GCC_WARN_64_TO_32_BIT_CONVERSION = YES;
				GCC_WARN_ABOUT_RETURN_TYPE = YES_ERROR;
				GCC_WARN_UNDECLARED_SELECTOR = YES;
				GCC_WARN_UNINITIALIZED_AUTOS = YES_AGGRESSIVE;
				GCC_WARN_UNUSED_FUNCTION = YES;
				GCC_WARN_UNUSED_VARIABLE = YES;
				IPHONEOS_DEPLOYMENT_TARGET = 14.0;
				MTL_ENABLE_DEBUG_INFO = NO;
				MTL_FAST_MATH = YES;
				SDKROOT = iphoneos;
				SWIFT_COMPILATION_MODE = wholemodule;
				SWIFT_OPTIMIZATION_LEVEL = "-O";
				VALIDATE_PRODUCT = YES;
			};
			name = Release;
		};
		000EF09225EA23F700A19D4A /* Debug */ = {
			isa = XCBuildConfiguration;
			buildSettings = {
				ASSETCATALOG_COMPILER_APPICON_NAME = AppIcon;
				ASSETCATALOG_COMPILER_GLOBAL_ACCENT_COLOR_NAME = AccentColor;
				CODE_SIGN_STYLE = Automatic;
				INFOPLIST_FILE = "Google-Map/Info.plist";
				LD_RUNPATH_SEARCH_PATHS = (
					"$(inherited)",
					"@executable_path/Frameworks",
				);
				PRODUCT_BUNDLE_IDENTIFIER = "bhabani.shankar.Google-Map";
				PRODUCT_NAME = "$(TARGET_NAME)";
				SWIFT_VERSION = 5.0;
				TARGETED_DEVICE_FAMILY = "1,2";
			};
			name = Debug;
		};
		000EF09325EA23F700A19D4A /* Release */ = {
			isa = XCBuildConfiguration;
			buildSettings = {
				ASSETCATALOG_COMPILER_APPICON_NAME = AppIcon;
				ASSETCATALOG_COMPILER_GLOBAL_ACCENT_COLOR_NAME = AccentColor;
				CODE_SIGN_STYLE = Automatic;
				INFOPLIST_FILE = "Google-Map/Info.plist";
				LD_RUNPATH_SEARCH_PATHS = (
					"$(inherited)",
					"@executable_path/Frameworks",
				);
				PRODUCT_BUNDLE_IDENTIFIER = "bhabani.shankar.Google-Map";
				PRODUCT_NAME = "$(TARGET_NAME)";
				SWIFT_VERSION = 5.0;
				TARGETED_DEVICE_FAMILY = "1,2";
			};
			name = Release;
		};
/* End XCBuildConfiguration section */

/* Begin XCConfigurationList section */
		000EF07525EA23F500A19D4A /* Build configuration list for PBXProject "Google-Map" */ = {
			isa = XCConfigurationList;
			buildConfigurations = (
				000EF08F25EA23F700A19D4A /* Debug */,
				000EF09025EA23F700A19D4A /* Release */,
			);
			defaultConfigurationIsVisible = 0;
			defaultConfigurationName = Release;
		};
		000EF09125EA23F700A19D4A /* Build configuration list for PBXNativeTarget "Google-Map" */ = {
			isa = XCConfigurationList;
			buildConfigurations = (
				000EF09225EA23F700A19D4A /* Debug */,
				000EF09325EA23F700A19D4A /* Release */,
			);
			defaultConfigurationIsVisible = 0;
			defaultConfigurationName = Release;
		};
/* End XCConfigurationList section */

/* Begin XCVersionGroup section */
		000EF08625EA23F500A19D4A /* Google_Map.xcdatamodeld */ = {
			isa = XCVersionGroup;
			children = (
				000EF08725EA23F500A19D4A /* Google_Map.xcdatamodel */,
			);
			currentVersion = 000EF08725EA23F500A19D4A /* Google_Map.xcdatamodel */;
			path = Google_Map.xcdatamodeld;
			sourceTree = "<group>";
			versionGroupType = wrapper.xcdatamodel;
		};
/* End XCVersionGroup section */
	};
	rootObject = 000EF07225EA23F500A19D4A /* Project object */;
}
